
Microsoft Visual Studio Solution File, Format Version 12.00
# Visual Studio 2012
Project("{8BC9CEB8-8B4A-11D0-8D11-00A0C91BC942}") = "7J523GAME", "7J523GAME\7J523GAME.vcxproj", "{05FF8505-19A6-4808-9483-6F4EF4664E26}"
EndProject
Global
	GlobalSection(SolutionConfigurationPlatforms) = preSolution
		Debug|Win32 = Debug|Win32
		Release|Win32 = Release|Win32
	EndGlobalSection
	GlobalSection(ProjectConfigurationPlatforms) = postSolution
		{05FF8505-19A6-4808-9483-6F4EF4664E26}.Debug|Win32.ActiveCfg = Debug|Win32
		{05FF8505-19A6-4808-9483-6F4EF4664E26}.Debug|Win32.Build.0 = Debug|Win32
		{05FF8505-19A6-4808-9483-6F4EF4664E26}.Release|Win32.ActiveCfg = Release|Win32
		{05FF8505-19A6-4808-9483-6F4EF4664E26}.Release|Win32.Build.0 = Release|Win32
	EndGlobalSection
	GlobalSection(SolutionProperties) = preSolution
		HideSolutionNode = FALSE
	EndGlobalSection
EndGlobal
